
Microsoft Visual Studio Solution File, Format Version 12.00
# Visual Studio Version 17
VisualStudioVersion = 17.5.33424.131
MinimumVisualStudioVersion = 10.0.40219.1
Project("{FAE04EC0-301F-11D3-BF4B-00C04F79EFBC}") = "Calculator", "Calculator.csproj", "{D89B8C0A-ED75-48A5-96BF-AE45C4B343FC}"
EndProject
Global
	GlobalSection(SolutionConfigurationPlatforms) = preSolution
		Debug|Any CPU = Debug|Any CPU
		Release|Any CPU = Release|Any CPU
	EndGlobalSection
	GlobalSection(ProjectConfigurationPlatforms) = postSolution
		{D89B8C0A-ED75-48A5-96BF-AE45C4B343FC}.Debug|Any CPU.ActiveCfg = Debug|Any CPU
		{D89B8C0A-ED75-48A5-96BF-AE45C4B343FC}.Debug|Any CPU.Build.0 = Debug|Any CPU
		{D89B8C0A-ED75-48A5-96BF-AE45C4B343FC}.Release|Any CPU.ActiveCfg = Release|Any CPU
		{D89B8C0A-ED75-48A5-96BF-AE45C4B343FC}.Release|Any CPU.Build.0 = Release|Any CPU
	EndGlobalSection
	GlobalSection(SolutionProperties) = preSolution
		HideSolutionNode = FALSE
	EndGlobalSection
	GlobalSection(ExtensibilityGlobals) = postSolution
		SolutionGuid = {4C45D5CB-B932-4F66-BD91-EBFA6FA90B78}
	EndGlobalSection
EndGlobal
